# This file is automatically @generated by Poetry 2.1.4 and should not be changed by hand.

[[package]]
name = "atomicwrites"
version = "1.4.1"
description = "Atomic file writes."
optional = false
python-versions = ">=2.7, !=3.0.*, !=3.1.*, !=3.2.*, !=3.3.*"
groups = ["dev"]
markers = "sys_platform == \"win32\""
files = [
    {file = "atomicwrites-1.4.1.tar.gz", hash = "sha256:81b2c9071a49367a7f770170e5eec8cb66567cfbbc8c73d20ce5ca4a8d71cf11"},
]

[[package]]
name = "attrs"
version = "25.3.0"
description = "Classes Without Boilerplate"
optional = false
python-versions = ">=3.8"
groups = ["dev"]
files = [
    {file = "attrs-25.3.0-py3-none-any.whl", hash = "sha256:427318ce031701fea540783410126f03899a97ffc6f61596ad581ac2e40e3bc3"},
    {file = "attrs-25.3.0.tar.gz", hash = "sha256:75d7cefc7fb576747b2c81b4442d4d4a1ce0900973527c011d1030fd3bf4af1b"},
]

[package.extras]
benchmark = ["cloudpickle ; platform_python_implementation == \"CPython\"", "hypothesis", "mypy (>=1.11.1) ; platform_python_implementation == \"CPython\" and python_version >= \"3.10\"", "pympler", "pytest (>=4.3.0)", "pytest-codspeed", "pytest-mypy-plugins ; platform_python_implementation == \"CPython\" and python_version >= \"3.10\"", "pytest-xdist[psutil]"]
cov = ["cloudpickle ; platform_python_implementation == \"CPython\"", "coverage[toml] (>=5.3)", "hypothesis", "mypy (>=1.11.1) ; platform_python_implementation == \"CPython\" and python_version >= \"3.10\"", "pympler", "pytest (>=4.3.0)", "pytest-mypy-plugins ; platform_python_implementation == \"CPython\" and python_version >= \"3.10\"", "pytest-xdist[psutil]"]
dev = ["cloudpickle ; platform_python_implementation == \"CPython\"", "hypothesis", "mypy (>=1.11.1) ; platform_python_implementation == \"CPython\" and python_version >= \"3.10\"", "pre-commit-uv", "pympler", "pytest (>=4.3.0)", "pytest-mypy-plugins ; platform_python_implementation == \"CPython\" and python_version >= \"3.10\"", "pytest-xdist[psutil]"]
docs = ["cogapp", "furo", "myst-parser", "sphinx", "sphinx-notfound-page", "sphinxcontrib-towncrier", "towncrier"]
tests = ["cloudpickle ; platform_python_implementation == \"CPython\"", "hypothesis", "mypy (>=1.11.1) ; platform_python_implementation == \"CPython\" and python_version >= \"3.10\"", "pympler", "pytest (>=4.3.0)", "pytest-mypy-plugins ; platform_python_implementation == \"CPython\" and python_version >= \"3.10\"", "pytest-xdist[psutil]"]
tests-mypy = ["mypy (>=1.11.1) ; platform_python_implementation == \"CPython\" and python_version >= \"3.10\"", "pytest-mypy-plugins ; platform_python_implementation == \"CPython\" and python_version >= \"3.10\""]

[[package]]
name = "autoflake"
version = "2.3.1"
description = "Removes unused imports and unused variables"
optional = false
python-versions = ">=3.8"
groups = ["dev"]
files = [
    {file = "autoflake-2.3.1-py3-none-any.whl", hash = "sha256:3ae7495db9084b7b32818b4140e6dc4fc280b712fb414f5b8fe57b0a8e85a840"},
    {file = "autoflake-2.3.1.tar.gz", hash = "sha256:c98b75dc5b0a86459c4f01a1d32ac7eb4338ec4317a4469515ff1e687ecd909e"},
]

[package.dependencies]
pyflakes = ">=3.0.0"
tomli = {version = ">=2.0.1", markers = "python_version < \"3.11\""}

[[package]]
name = "certifi"
version = "2025.8.3"
description = "Python package for providing Mozilla's CA Bundle."
optional = false
python-versions = ">=3.7"
groups = ["main"]
files = [
    {file = "certifi-2025.8.3-py3-none-any.whl", hash = "sha256:f6c12493cfb1b06ba2ff328595af9350c65d6644968e5d3a2ffd78699af217a5"},
    {file = "certifi-2025.8.3.tar.gz", hash = "sha256:e564105f78ded564e3ae7c923924435e1daa7463faeab5bb932bc53ffae63407"},
]

[[package]]
name = "colorama"
version = "0.4.6"
description = "Cross-platform colored terminal text."
optional = false
python-versions = "!=3.0.*,!=3.1.*,!=3.2.*,!=3.3.*,!=3.4.*,!=3.5.*,!=3.6.*,>=2.7"
groups = ["dev"]
markers = "sys_platform == \"win32\""
files = [
    {file = "colorama-0.4.6-py2.py3-none-any.whl", hash = "sha256:4f1d9991f5acc0ca119f9d443620b77f9d6b33703e51011c16baf57afb285fc6"},
    {file = "colorama-0.4.6.tar.gz", hash = "sha256:08695f5cb7ed6e0531a20572697297273c47b8cae5a63ffc6d6ed5c201be6e44"},
]

[[package]]
name = "iniconfig"
version = "2.1.0"
description = "brain-dead simple config-ini parsing"
optional = false
python-versions = ">=3.8"
groups = ["dev"]
files = [
    {file = "iniconfig-2.1.0-py3-none-any.whl", hash = "sha256:9deba5723312380e77435581c6bf4935c94cbfab9b1ed33ef8d238ea168eb760"},
    {file = "iniconfig-2.1.0.tar.gz", hash = "sha256:3abbd2e30b36733fee78f9c7f7308f2d0050e88f0087fd25c2645f63c773e1c7"},
]

[[package]]
name = "packaging"
version = "25.0"
description = "Core utilities for Python packages"
optional = false
python-versions = ">=3.8"
groups = ["dev"]
files = [
    {file = "packaging-25.0-py3-none-any.whl", hash = "sha256:29572ef2b1f17581046b3a2227d5c611fb25ec70ca1ba8554b24b0e69331a484"},
    {file = "packaging-25.0.tar.gz", hash = "sha256:d443872c98d677bf60f6a1f2f8c1cb748e8fe762d2bf9d3148b5599295b0fc4f"},
]

[[package]]
name = "pluggy"
version = "1.6.0"
description = "plugin and hook calling mechanisms for python"
optional = false
python-versions = ">=3.9"
groups = ["dev"]
files = [
    {file = "pluggy-1.6.0-py3-none-any.whl", hash = "sha256:e920276dd6813095e9377c0bc5566d94c932c33b27a3e3945d8389c374dd4746"},
    {file = "pluggy-1.6.0.tar.gz", hash = "sha256:7dcc130b76258d33b90f61b658791dede3486c3e6bfb003ee5c9bfb396dd22f3"},
]

[package.extras]
dev = ["pre-commit", "tox"]
testing = ["coverage", "pytest", "pytest-benchmark"]

[[package]]
name = "py"
version = "1.11.0"
description = "library with cross-python path, ini-parsing, io, code, log facilities"
optional = false
python-versions = ">=2.7, !=3.0.*, !=3.1.*, !=3.2.*, !=3.3.*, !=3.4.*"
groups = ["dev"]
files = [
    {file = "py-1.11.0-py2.py3-none-any.whl", hash = "sha256:607c53218732647dff4acdfcd50cb62615cedf612e72d1724fb1a0cc6405b378"},
    {file = "py-1.11.0.tar.gz", hash = "sha256:51c75c4126074b472f746a24399ad32f6053d1b34b68d2fa41e558e6f4a98719"},
]

[[package]]
name = "pyflakes"
version = "3.4.0"
description = "passive checker of Python programs"
optional = false
python-versions = ">=3.9"
groups = ["dev"]
files = [
    {file = "pyflakes-3.4.0-py2.py3-none-any.whl", hash = "sha256:f742a7dbd0d9cb9ea41e9a24a918996e8170c799fa528688d40dd582c8265f4f"},
    {file = "pyflakes-3.4.0.tar.gz", hash = "sha256:b24f96fafb7d2ab0ec5075b7350b3d2d2218eab42003821c06344973d3ea2f58"},
]

[[package]]
name = "pyproj"
version = "3.5.0"
description = "Python interface to PROJ (cartographic projections and coordinate transformations library)"
optional = false
python-versions = ">=3.8"
groups = ["main"]
files = [
    {file = "pyproj-3.5.0-cp310-cp310-macosx_10_9_x86_64.whl", hash = "sha256:6475ce653880938468a1a1b7321267243909e34b972ba9e53d5982c41d555918"},
    {file = "pyproj-3.5.0-cp310-cp310-macosx_11_0_arm64.whl", hash = "sha256:61e4ad57d89b03a7b173793b31bca8ee110112cde1937ef0f42a70b9120c827d"},
    {file = "pyproj-3.5.0-cp310-cp310-manylinux_2_17_aarch64.manylinux2014_aarch64.whl", hash = "sha256:7bdd2021bb6f7f346bfe1d2a358aa109da017d22c4704af2d994e7c7ee0a7a53"},
    {file = "pyproj-3.5.0-cp310-cp310-manylinux_2_17_i686.manylinux2014_i686.whl", hash = "sha256:5674923351e76222e2c10c58b5e1ac119d7a46b270d822c463035971b06f724b"},
    {file = "pyproj-3.5.0-cp310-cp310-manylinux_2_17_x86_64.manylinux2014_x86_64.whl", hash = "sha256:cd5e2b6aa255023c4acd0b977590f1f7cc801ba21b4d806fcf6dfac3474ebb83"},
    {file = "pyproj-3.5.0-cp310-cp310-win32.whl", hash = "sha256:6f316a66031a14e9c5a88c91f8b77aa97f5454895674541ed6ab630b682be35d"},
    {file = "pyproj-3.5.0-cp310-cp310-win_amd64.whl", hash = "sha256:f7c2f4d9681e810cf40239caaca00079930a6d9ee6591139b88d592d36051d82"},
    {file = "pyproj-3.5.0-cp311-cp311-macosx_10_9_x86_64.whl", hash = "sha256:7572983134e310e0ca809c63f1722557a040fe9443df5f247bf11ba887eb1229"},
    {file = "pyproj-3.5.0-cp311-cp311-macosx_11_0_arm64.whl", hash = "sha256:eccb417b91d0be27805dfc97550bfb8b7db94e9fe1db5ebedb98f5b88d601323"},
    {file = "pyproj-3.5.0-cp311-cp311-manylinux_2_17_aarch64.manylinux2014_aarch64.whl", hash = "sha256:621d78a9d8bf4d06e08bef2471021fbcb1a65aa629ad4a20c22e521ce729cc20"},
    {file = "pyproj-3.5.0-cp311-cp311-manylinux_2_17_i686.manylinux2014_i686.whl", hash = "sha256:d9a024370e917c899bff9171f03ea6079deecdc7482a146a2c565f3b9df134ea"},
    {file = "pyproj-3.5.0-cp311-cp311-manylinux_2_17_x86_64.manylinux2014_x86_64.whl", hash = "sha256:1b7c2113c4d11184a238077ec85e31eda1dcc58ffeb9a4429830e0a7036e787d"},
    {file = "pyproj-3.5.0-cp311-cp311-win32.whl", hash = "sha256:a730f5b4c98c8a0f312437873e6e34dbd4cc6dc23d5afd91a6691c62724b1f68"},
    {file = "pyproj-3.5.0-cp311-cp311-win_amd64.whl", hash = "sha256:e97573de0ab3bbbcb4c7748bc41f4ceb6da10b45d35b1a294b5820701e7c25f0"},
    {file = "pyproj-3.5.0-cp38-cp38-macosx_10_9_x86_64.whl", hash = "sha256:2b708fd43453b985642b737d4a6e7f1d6a0ab1677ffa4e14cc258537b49224b0"},
    {file = "pyproj-3.5.0-cp38-cp38-macosx_11_0_arm64.whl", hash = "sha256:b60d93a200639e8367c6542a964fd0aa2dbd152f256c1831dc18cd5aa470fb8a"},
    {file = "pyproj-3.5.0-cp38-cp38-manylinux_2_17_aarch64.manylinux2014_aarch64.whl", hash = "sha256:38862fe07316ae12b79d82d298e390973a4f00b684f3c2d037238e20e00610ba"},
    {file = "pyproj-3.5.0-cp38-cp38-manylinux_2_17_i686.manylinux2014_i686.whl", hash = "sha256:71b65f2a38cd9e16883dbb0f8ae82bdf8f6b79b1b02975c78483ab8428dbbf2f"},
    {file = "pyproj-3.5.0-cp38-cp38-manylinux_2_17_x86_64.manylinux2014_x86_64.whl", hash = "sha256:b752b7d9c4b08181c7e8c0d9c7f277cbefff42227f34d3310696a87c863d9dd3"},
    {file = "pyproj-3.5.0-cp38-cp38-win32.whl", hash = "sha256:b937215bfbaf404ec8f03ca741fc3f9f2c4c2c5590a02ccddddd820ae3c71331"},
    {file = "pyproj-3.5.0-cp38-cp38-win_amd64.whl", hash = "sha256:97ed199033c2c770e7eea2ef80ff5e6413426ec2d7ec985b869792f04ab95d05"},
    {file = "pyproj-3.5.0-cp39-cp39-macosx_10_9_x86_64.whl", hash = "sha256:052c49fce8b5d55943a35c36ccecb87350c68b48ba95bc02a789770c374ef819"},
    {file = "pyproj-3.5.0-cp39-cp39-macosx_11_0_arm64.whl", hash = "sha256:1507138ea28bf2134d31797675380791cc1a7156a3aeda484e65a78a4aba9b62"},
    {file = "pyproj-3.5.0-cp39-cp39-manylinux_2_17_aarch64.manylinux2014_aarch64.whl", hash = "sha256:c02742ef3d846401861a878a61ef7ad911ea7539d6cc4619ddb52dbdf7b45aee"},
    {file = "pyproj-3.5.0-cp39-cp39-manylinux_2_17_i686.manylinux2014_i686.whl", hash = "sha256:385b0341861d3ebc8cad98337a738821dcb548d465576527399f4955ca24b6ed"},
    {file = "pyproj-3.5.0-cp39-cp39-manylinux_2_17_x86_64.manylinux2014_x86_64.whl", hash = "sha256:8fe6bb1b68a35d07378d38be77b5b2f8dd2bea5910c957bfcc7bee55988d3910"},
    {file = "pyproj-3.5.0-cp39-cp39-win32.whl", hash = "sha256:5c4b85ac10d733c42d73a2e6261c8d6745bf52433a31848dd1b6561c9a382da3"},
    {file = "pyproj-3.5.0-cp39-cp39-win_amd64.whl", hash = "sha256:1798ff7d65d9057ebb2d017ffe8403268b8452f24d0428b2140018c25c7fa1bc"},
    {file = "pyproj-3.5.0-pp38-pypy38_pp73-macosx_10_9_x86_64.whl", hash = "sha256:d711517a8487ef3245b08dc82f781a906df9abb3b6cb0ce0486f0eeb823ca570"},
    {file = "pyproj-3.5.0-pp38-pypy38_pp73-manylinux_2_17_i686.manylinux2014_i686.whl", hash = "sha256:788a5dadb532644a64efe0f5f01bf508c821eb7e984f13a677d56002f1e8a67a"},
    {file = "pyproj-3.5.0-pp38-pypy38_pp73-manylinux_2_17_x86_64.manylinux2014_x86_64.whl", hash = "sha256:73f7960a97225812f9b1d7aeda5fb83812f38de9441e3476fcc8abb3e2b2f4de"},
    {file = "pyproj-3.5.0-pp39-pypy39_pp73-macosx_10_9_x86_64.whl", hash = "sha256:fde5ece4d2436b5a57c8f5f97b49b5de06a856d03959f836c957d3e609f2de7e"},
    {file = "pyproj-3.5.0-pp39-pypy39_pp73-manylinux_2_17_i686.manylinux2014_i686.whl", hash = "sha256:e08db25b61cf024648d55973cc3d1c3f1d0818fabf594d5f5a8e2318103d2aa0"},
    {file = "pyproj-3.5.0-pp39-pypy39_pp73-manylinux_2_17_x86_64.manylinux2014_x86_64.whl", hash = "sha256:6a87b419a2a352413fbf759ecb66da9da50bd19861c8f26db6a25439125b27b9"},
    {file = "pyproj-3.5.0.tar.gz", hash = "sha256:9859d1591c1863414d875ae0759e72c2cffc01ab989dc64137fbac572cc81bf6"},
]

[package.dependencies]
certifi = "*"

[[package]]
name = "pytest"
version = "6.2.5"
description = "pytest: simple powerful testing with Python"
optional = false
python-versions = ">=3.6"
groups = ["dev"]
files = [
    {file = "pytest-6.2.5-py3-none-any.whl", hash = "sha256:7310f8d27bc79ced999e760ca304d69f6ba6c6649c0b60fb0e04a4a77cacc134"},
    {file = "pytest-6.2.5.tar.gz", hash = "sha256:131b36680866a76e6781d13f101efb86cf674ebb9762eb70d3082b6f29889e89"},
]

[package.dependencies]
atomicwrites = {version = ">=1.0", markers = "sys_platform == \"win32\""}
attrs = ">=19.2.0"
colorama = {version = "*", markers = "sys_platform == \"win32\""}
iniconfig = "*"
packaging = "*"
pluggy = ">=0.12,<2.0"
py = ">=1.8.2"
toml = "*"

[package.extras]
testing = ["argcomplete", "hypothesis (>=3.56)", "mock", "nose", "requests", "xmlschema"]

[[package]]
name = "ruff"
version = "0.12.11"
description = "An extremely fast Python linter and code formatter, written in Rust."
optional = false
python-versions = ">=3.7"
groups = ["dev"]
files = [
    {file = "ruff-0.12.11-py3-none-linux_armv6l.whl", hash = "sha256:93fce71e1cac3a8bf9200e63a38ac5c078f3b6baebffb74ba5274fb2ab276065"},
    {file = "ruff-0.12.11-py3-none-macosx_10_12_x86_64.whl", hash = "sha256:b8e33ac7b28c772440afa80cebb972ffd823621ded90404f29e5ab6d1e2d4b93"},
    {file = "ruff-0.12.11-py3-none-macosx_11_0_arm64.whl", hash = "sha256:d69fb9d4937aa19adb2e9f058bc4fbfe986c2040acb1a4a9747734834eaa0bfd"},
    {file = "ruff-0.12.11-py3-none-manylinux_2_17_aarch64.manylinux2014_aarch64.whl", hash = "sha256:411954eca8464595077a93e580e2918d0a01a19317af0a72132283e28ae21bee"},
    {file = "ruff-0.12.11-py3-none-manylinux_2_17_armv7l.manylinux2014_armv7l.whl", hash = "sha256:6a2c0a2e1a450f387bf2c6237c727dd22191ae8c00e448e0672d624b2bbd7fb0"},
    {file = "ruff-0.12.11-py3-none-manylinux_2_17_i686.manylinux2014_i686.whl", hash = "sha256:8ca4c3a7f937725fd2413c0e884b5248a19369ab9bdd850b5781348ba283f644"},
    {file = "ruff-0.12.11-py3-none-manylinux_2_17_ppc64.manylinux2014_ppc64.whl", hash = "sha256:4d1df0098124006f6a66ecf3581a7f7e754c4df7644b2e6704cd7ca80ff95211"},
    {file = "ruff-0.12.11-py3-none-manylinux_2_17_ppc64le.manylinux2014_ppc64le.whl", hash = "sha256:5a8dd5f230efc99a24ace3b77e3555d3fbc0343aeed3fc84c8d89e75ab2ff793"},
    {file = "ruff-0.12.11-py3-none-manylinux_2_17_s390x.manylinux2014_s390x.whl", hash = "sha256:4dc75533039d0ed04cd33fb8ca9ac9620b99672fe7ff1533b6402206901c34ee"},
    {file = "ruff-0.12.11-py3-none-manylinux_2_17_x86_64.manylinux2014_x86_64.whl", hash = "sha256:4fc58f9266d62c6eccc75261a665f26b4ef64840887fc6cbc552ce5b29f96cc8"},
    {file = "ruff-0.12.11-py3-none-manylinux_2_31_riscv64.whl", hash = "sha256:5a0113bd6eafd545146440225fe60b4e9489f59eb5f5f107acd715ba5f0b3d2f"},
    {file = "ruff-0.12.11-py3-none-musllinux_1_2_aarch64.whl", hash = "sha256:0d737b4059d66295c3ea5720e6efc152623bb83fde5444209b69cd33a53e2000"},
    {file = "ruff-0.12.11-py3-none-musllinux_1_2_armv7l.whl", hash = "sha256:916fc5defee32dbc1fc1650b576a8fed68f5e8256e2180d4d9855aea43d6aab2"},
    {file = "ruff-0.12.11-py3-none-musllinux_1_2_i686.whl", hash = "sha256:c984f07d7adb42d3ded5be894fb4007f30f82c87559438b4879fe7aa08c62b39"},
    {file = "ruff-0.12.11-py3-none-musllinux_1_2_x86_64.whl", hash = "sha256:e07fbb89f2e9249f219d88331c833860489b49cdf4b032b8e4432e9b13e8a4b9"},
    {file = "ruff-0.12.11-py3-none-win32.whl", hash = "sha256:c792e8f597c9c756e9bcd4d87cf407a00b60af77078c96f7b6366ea2ce9ba9d3"},
    {file = "ruff-0.12.11-py3-none-win_amd64.whl", hash = "sha256:a3283325960307915b6deb3576b96919ee89432ebd9c48771ca12ee8afe4a0fd"},
    {file = "ruff-0.12.11-py3-none-win_arm64.whl", hash = "sha256:bae4d6e6a2676f8fb0f98b74594a048bae1b944aab17e9f5d504062303c6dbea"},
    {file = "ruff-0.12.11.tar.gz", hash = "sha256:c6b09ae8426a65bbee5425b9d0b82796dbb07cb1af045743c79bfb163001165d"},
]

[[package]]
name = "toml"
version = "0.10.2"
description = "Python Library for Tom's Obvious, Minimal Language"
optional = false
python-versions = ">=2.6, !=3.0.*, !=3.1.*, !=3.2.*"
groups = ["dev"]
files = [
    {file = "toml-0.10.2-py2.py3-none-any.whl", hash = "sha256:806143ae5bfb6a3c6e736a764057db0e6a0e05e338b5630894a5f779cabb4f9b"},
    {file = "toml-0.10.2.tar.gz", hash = "sha256:b3bda1d108d5dd99f4a20d24d9c348e91c4db7ab1b749200bded2f839ccbe68f"},
]

[[package]]
name = "tomli"
version = "2.2.1"
description = "A lil' TOML parser"
optional = false
python-versions = ">=3.8"
groups = ["dev"]
markers = "python_version == \"3.10\""
files = [
    {file = "tomli-2.2.1-cp311-cp311-macosx_10_9_x86_64.whl", hash = "sha256:678e4fa69e4575eb77d103de3df8a895e1591b48e740211bd1067378c69e8249"},
    {file = "tomli-2.2.1-cp311-cp311-macosx_11_0_arm64.whl", hash = "sha256:023aa114dd824ade0100497eb2318602af309e5a55595f76b626d6d9f3b7b0a6"},
    {file = "tomli-2.2.1-cp311-cp311-manylinux_2_17_aarch64.manylinux2014_aarch64.whl", hash = "sha256:ece47d672db52ac607a3d9599a9d48dcb2f2f735c6c2d1f34130085bb12b112a"},
    {file = "tomli-2.2.1-cp311-cp311-manylinux_2_17_x86_64.manylinux2014_x86_64.whl", hash = "sha256:6972ca9c9cc9f0acaa56a8ca1ff51e7af152a9f87fb64623e31d5c83700080ee"},
    {file = "tomli-2.2.1-cp311-cp311-manylinux_2_5_i686.manylinux1_i686.manylinux_2_17_i686.manylinux2014_i686.whl", hash = "sha256:c954d2250168d28797dd4e3ac5cf812a406cd5a92674ee4c8f123c889786aa8e"},
    {file = "tomli-2.2.1-cp311-cp311-musllinux_1_2_aarch64.whl", hash = "sha256:8dd28b3e155b80f4d54beb40a441d366adcfe740969820caf156c019fb5c7ec4"},
    {file = "tomli-2.2.1-cp311-cp311-musllinux_1_2_i686.whl", hash = "sha256:e59e304978767a54663af13c07b3d1af22ddee3bb2fb0618ca1593e4f593a106"},
    {file = "tomli-2.2.1-cp311-cp311-musllinux_1_2_x86_64.whl", hash = "sha256:33580bccab0338d00994d7f16f4c4ec25b776af3ffaac1ed74e0b3fc95e885a8"},
    {file = "tomli-2.2.1-cp311-cp311-win32.whl", hash = "sha256:465af0e0875402f1d226519c9904f37254b3045fc5084697cefb9bdde1ff99ff"},
    {file = "tomli-2.2.1-cp311-cp311-win_amd64.whl", hash = "sha256:2d0f2fdd22b02c6d81637a3c95f8cd77f995846af7414c5c4b8d0545afa1bc4b"},
    {file = "tomli-2.2.1-cp312-cp312-macosx_10_13_x86_64.whl", hash = "sha256:4a8f6e44de52d5e6c657c9fe83b562f5f4256d8ebbfe4ff922c495620a7f6cea"},
    {file = "tomli-2.2.1-cp312-cp312-macosx_11_0_arm64.whl", hash = "sha256:8d57ca8095a641b8237d5b079147646153d22552f1c637fd3ba7f4b0b29167a8"},
    {file = "tomli-2.2.1-cp312-cp312-manylinux_2_17_aarch64.manylinux2014_aarch64.whl", hash = "sha256:4e340144ad7ae1533cb897d406382b4b6fede8890a03738ff1683af800d54192"},
    {file = "tomli-2.2.1-cp312-cp312-manylinux_2_17_x86_64.manylinux2014_x86_64.whl", hash = "sha256:db2b95f9de79181805df90bedc5a5ab4c165e6ec3fe99f970d0e302f384ad222"},
    {file = "tomli-2.2.1-cp312-cp312-manylinux_2_5_i686.manylinux1_i686.manylinux_2_17_i686.manylinux2014_i686.whl", hash = "sha256:40741994320b232529c802f8bc86da4e1aa9f413db394617b9a256ae0f9a7f77"},
    {file = "tomli-2.2.1-cp312-cp312-musllinux_1_2_aarch64.whl", hash = "sha256:400e720fe168c0f8521520190686ef8ef033fb19fc493da09779e592861b78c6"},
    {file = "tomli-2.2.1-cp312-cp312-musllinux_1_2_i686.whl", hash = "sha256:02abe224de6ae62c19f090f68da4e27b10af2b93213d36cf44e6e1c5abd19fdd"},
    {file = "tomli-2.2.1-cp312-cp312-musllinux_1_2_x86_64.whl", hash = "sha256:b82ebccc8c8a36f2094e969560a1b836758481f3dc360ce9a3277c65f374285e"},
    {file = "tomli-2.2.1-cp312-cp312-win32.whl", hash = "sha256:889f80ef92701b9dbb224e49ec87c645ce5df3fa2cc548664eb8a25e03127a98"},
    {file = "tomli-2.2.1-cp312-cp312-win_amd64.whl", hash = "sha256:7fc04e92e1d624a4a63c76474610238576942d6b8950a2d7f908a340494e67e4"},
    {file = "tomli-2.2.1-cp313-cp313-macosx_10_13_x86_64.whl", hash = "sha256:f4039b9cbc3048b2416cc57ab3bda989a6fcf9b36cf8937f01a6e731b64f80d7"},
    {file = "tomli-2.2.1-cp313-cp313-macosx_11_0_arm64.whl", hash = "sha256:286f0ca2ffeeb5b9bd4fcc8d6c330534323ec51b2f52da063b11c502da16f30c"},
    {file = "tomli-2.2.1-cp313-cp313-manylinux_2_17_aarch64.manylinux2014_aarch64.whl", hash = "sha256:a92ef1a44547e894e2a17d24e7557a5e85a9e1d0048b0b5e7541f76c5032cb13"},
    {file = "tomli-2.2.1-cp313-cp313-manylinux_2_17_x86_64.manylinux2014_x86_64.whl", hash = "sha256:9316dc65bed1684c9a98ee68759ceaed29d229e985297003e494aa825ebb0281"},
    {file = "tomli-2.2.1-cp313-cp313-manylinux_2_5_i686.manylinux1_i686.manylinux_2_17_i686.manylinux2014_i686.whl", hash = "sha256:e85e99945e688e32d5a35c1ff38ed0b3f41f43fad8df0bdf79f72b2ba7bc5272"},
    {file = "tomli-2.2.1-cp313-cp313-musllinux_1_2_aarch64.whl", hash = "sha256:ac065718db92ca818f8d6141b5f66369833d4a80a9d74435a268c52bdfa73140"},
    {file = "tomli-2.2.1-cp313-cp313-musllinux_1_2_i686.whl", hash = "sha256:d920f33822747519673ee656a4b6ac33e382eca9d331c87770faa3eef562aeb2"},
    {file = "tomli-2.2.1-cp313-cp313-musllinux_1_2_x86_64.whl", hash = "sha256:a198f10c4d1b1375d7687bc25294306e551bf1abfa4eace6650070a5c1ae2744"},
    {file = "tomli-2.2.1-cp313-cp313-win32.whl", hash = "sha256:d3f5614314d758649ab2ab3a62d4f2004c825922f9e370b29416484086b264ec"},
    {file = "tomli-2.2.1-cp313-cp313-win_amd64.whl", hash = "sha256:a38aa0308e754b0e3c67e344754dff64999ff9b513e691d0e786265c93583c69"},
    {file = "tomli-2.2.1-py3-none-any.whl", hash = "sha256:cb55c73c5f4408779d0cf3eef9f762b9c9f147a77de7b258bef0a5628adc85cc"},
    {file = "tomli-2.2.1.tar.gz", hash = "sha256:cd45e1dc79c835ce60f7404ec8119f2eb06d38b1deba146f07ced3bbc44505ff"},
]

[metadata]
lock-version = "2.1"
python-versions = "^3.10"
content-hash = "0eb3d6b795e9cf622a4584b785b85bdb4007e2164c1050097997f38426b47f46"
